PODS:
  - AppAuth (0.95.0)
  - Firebase/Core (5.18.0):
    - Firebase/CoreOnly
    - FirebaseAnalytics (= 5.7.0)
  - Firebase/CoreOnly (5.18.0):
    - FirebaseCore (= 5.3.1)
  - Firebase/Database (5.18.0):
    - Firebase/CoreOnly
    - FirebaseDatabase (= 5.1.0)
  - FirebaseAnalytics (5.7.0):
    - FirebaseCore (~> 5.3)
    - FirebaseInstanceID (~> 3.6)
    - GoogleAppMeasurement (= 5.7.0)
    - GoogleUtilities/AppDelegateSwizzler (~> 5.2)
    - GoogleUtilities/MethodSwizzler (~> 5.2)
    - GoogleUtilities/Network (~> 5.2)
    - "GoogleUtilities/NSData+zlib (~> 5.2)"
    - nanopb (~> 0.3)
  - FirebaseAuthInterop (1.0.0)
  - FirebaseCore (5.3.1):
    - GoogleUtilities/Logger (~> 5.2)
  - FirebaseDatabase (5.1.0):
    - FirebaseAuthInterop (~> 1.0)
    - FirebaseCore (~> 5.2)
    - leveldb-library (~> 1.18)
  - FirebaseInstanceID (3.7.0):
    - FirebaseCore (~> 5.2)
    - GoogleUtilities/Environment (~> 5.2)
    - GoogleUtilities/UserDefaults (~> 5.2)
  - GoogleAppMeasurement (5.7.0):
    - GoogleUtilities/AppDelegateSwizzler (~> 5.2)
    - GoogleUtilities/MethodSwizzler (~> 5.2)
    - GoogleUtilities/Network (~> 5.2)
    - "GoogleUtilities/NSData+zlib (~> 5.2)"
    - nanopb (~> 0.3)
  - GoogleUtilities/AppDelegateSwizzler (5.4.1):
    - GoogleUtilities/Environment
    - GoogleUtilities/Logger
    - GoogleUtilities/Network
  - GoogleUtilities/Environment (5.4.1)
  - GoogleUtilities/Logger (5.4.1):
    - GoogleUtilities/Environment
  - GoogleUtilities/MethodSwizzler (5.4.1):
    - GoogleUtilities/Logger
  - GoogleUtilities/Network (5.4.1):
    - GoogleUtilities/Logger
    - "GoogleUtilities/NSData+zlib"
    - GoogleUtilities/Reachability
  - "GoogleUtilities/NSData+zlib (5.4.1)"
  - GoogleUtilities/Reachability (5.4.1):
    - GoogleUtilities/Logger
  - GoogleUtilities/UserDefaults (5.4.1):
    - GoogleUtilities/Logger
  - leveldb-library (1.20)
  - nanopb (0.3.901):
    - nanopb/decode (= 0.3.901)
    - nanopb/encode (= 0.3.901)
  - nanopb/decode (0.3.901)
  - nanopb/encode (0.3.901)
  - React (0.59.1):
    - React/Core (= 0.59.1)
  - react-native-camera (2.0.1):
    - React
    - react-native-camera/RCT (= 2.0.1)
    - react-native-camera/RN (= 2.0.1)
  - react-native-camera/RCT (2.0.1):
    - React
  - react-native-camera/RN (2.0.1):
    - React
  - React/Core (0.59.1):
    - yoga (= 0.59.1.React)
  - TouchID (4.4.1):
    - React
  - yoga (0.59.1.React)

DEPENDENCIES:
  - AppAuth (>= 0.94)
  - Firebase/Core
  - Firebase/Database
  - React (from `../node_modules/react-native`)
  - react-native-camera (from `../node_modules/react-native-camera`)
  - TouchID (from `../node_modules/react-native-touch-id`)
  - yoga (from `../node_modules/react-native/ReactCommon/yoga`)

SPEC REPOS:
  https://github.com/cocoapods/specs.git:
    - AppAuth
    - Firebase
    - FirebaseAnalytics
    - FirebaseAuthInterop
    - FirebaseCore
    - FirebaseDatabase
    - FirebaseInstanceID
    - GoogleAppMeasurement
    - GoogleUtilities
    - leveldb-library
    - nanopb

EXTERNAL SOURCES:
  React:
    :path: "../node_modules/react-native"
  react-native-camera:
    :path: "../node_modules/react-native-camera"
  TouchID:
    :path: "../node_modules/react-native-touch-id"
  yoga:
    :path: "../node_modules/react-native/ReactCommon/yoga"

SPEC CHECKSUMS:
  AppAuth: 137f6bb6fc9dfbaf2cf9f6fcff1d336ff0163bc6
  Firebase: 02f3281965c075426141a0ce1277e9de6649cab9
  FirebaseAnalytics: 23851fe602c872130a2c5c55040b302120346cc2
  FirebaseAuthInterop: 0ffa57668be100582bb7643d4fcb7615496c41fc
  FirebaseCore: 52f851b30e11360f1e67cf04b1edfebf0a47a2d3
  FirebaseDatabase: 23acb0c53cd4d4070a427b60100b2e4aaa97c45d
  FirebaseInstanceID: bd6fc5a258884e206fd5c474ebe4f5b00e21770e
  GoogleAppMeasurement: 6cf307834da065863f9faf4c0de0a936d81dd832
  GoogleUtilities: 1e25823cbf46540b4284f6ef8e17b3a68ee12bbc
  leveldb-library: 08cba283675b7ed2d99629a4bc5fd052cd2bb6a5
  nanopb: 2901f78ea1b7b4015c860c2fdd1ea2fee1a18d48
  React: 34a405ead72252839fdc4afc1f972a7ed984af84
  react-native-camera: 8a7658ffe5ae3bbdc9718b650970eba2628ee13c
  TouchID: ba4c656d849cceabc2e4eef722dea5e55959ecf4
  yoga: 8fb47f180b19b0dadb285a09e4c74c8a41721d3a

PODFILE CHECKSUM: 86ccba7400654fb0f259ad1808b76efa53916892

COCOAPODS: 1.6.1
